# generated by rye
# use `rye lock` or `rye sync` to update this lockfile
#
# last locked with the following flags:
#   pre: false
#   features: []
#   all-features: false
#   with-sources: false
#   generate-hashes: false
#   universal: false

-e file:.
appdirs==1.4.4
    # via brew-tools
black==24.10.0
click==8.1.7
    # via black
    # via brew-tools
coverage==7.6.3
    # via pytest-cov
flake8==7.1.1
iniconfig==2.0.0
    # via pytest
mccabe==0.7.0
    # via flake8
mypy==1.12.0
mypy-extensions==1.0.0
    # via black
    # via mypy
packaging==24.1
    # via black
    # via pytest
pathspec==0.12.1
    # via black
platformdirs==4.3.6
    # via black
pluggy==1.5.0
    # via pytest
pycodestyle==2.12.1
    # via flake8
pyflakes==3.2.0
    # via flake8
pytest==8.3.3
    # via pytest-cov
pytest-cov==5.0.0
typing-extensions==4.12.2
    # via mypy
